{
  "name": "automaticwildshape",
  "version": "1.0.0",
  "lockfileVersion": 2,
  "requires": true,
  "packages": {
    "": {
      "name": "automaticwildshape",
      "version": "1.0.0",
      "license": "ISC",
      "dependencies": {
        "@types/roll20": "github:LaytonGB/types-roll20"
      }
    },
    "node_modules/@types/roll20": {
      "version": "1.0.3",
      "resolved": "git+ssh://git@github.com/LaytonGB/types-roll20.git#a6be0e4bcef6d76282ce9e7c7be8340a8993fcc9",
      "license": "MIT"
    }
  },
  "dependencies": {
    "@types/roll20": {
      "version": "git+ssh://git@github.com/LaytonGB/types-roll20.git#a6be0e4bcef6d76282ce9e7c7be8340a8993fcc9",
      "from": "@types/roll20@github:LaytonGB/types-roll20"
    }
  }
}
