{
  "name": "automaticwildshape",
  "version": "1.0.0",
  "lockfileVersion": 2,
  "requires": true,
  "packages": {
    "": {
      "name": "automaticwildshape",
      "version": "1.0.0",
      "license": "ISC",
      "dependencies": {
        "@types/roll20": "github:LaytonGB/types-roll20"
      }
    },
    "node_modules/@types/roll20": {
      "version": "1.0.3",
      "resolved": "git+ssh://git@github.com/LaytonGB/types-roll20.git#6a6ffa6a328b73fafa3eab242d6b02b1d3457760",
      "license": "MIT"
    }
  },
  "dependencies": {
    "@types/roll20": {
      "version": "git+ssh://git@github.com/LaytonGB/types-roll20.git#6a6ffa6a328b73fafa3eab242d6b02b1d3457760",
      "from": "@types/roll20@github:LaytonGB/types-roll20"
    }
  }
}
